
Microsoft Visual Studio Solution File, Format Version 12.00
# Visual Studio 14
VisualStudioVersion = 14.0.25420.1
MinimumVisualStudioVersion = 10.0.40219.1
Project("{FAE04EC0-301F-11D3-BF4B-00C04F79EFBC}") = "MongoDb.DataAccess", "MongoDb.DataAccess\MongoDb.DataAccess.csproj", "{D102A5D7-5EC2-44EB-B17A-BA97DAAE642D}"
EndProject
Project("{FAE04EC0-301F-11D3-BF4B-00C04F79EFBC}") = "MongoDb.DataAccess.Tests", "MongoDb.DataAccess.Tests\MongoDb.DataAccess.Tests.csproj", "{666A073F-4FDA-4E21-BF15-8095AB0038E4}"
EndProject
Global
	GlobalSection(SolutionConfigurationPlatforms) = preSolution
		Debug|Any CPU = Debug|Any CPU
		Release|Any CPU = Release|Any CPU
	EndGlobalSection
	GlobalSection(ProjectConfigurationPlatforms) = postSolution
		{D102A5D7-5EC2-44EB-B17A-BA97DAAE642D}.Debug|Any CPU.ActiveCfg = Debug|Any CPU
		{D102A5D7-5EC2-44EB-B17A-BA97DAAE642D}.Debug|Any CPU.Build.0 = Debug|Any CPU
		{D102A5D7-5EC2-44EB-B17A-BA97DAAE642D}.Release|Any CPU.ActiveCfg = Release|Any CPU
		{D102A5D7-5EC2-44EB-B17A-BA97DAAE642D}.Release|Any CPU.Build.0 = Release|Any CPU
		{666A073F-4FDA-4E21-BF15-8095AB0038E4}.Debug|Any CPU.ActiveCfg = Debug|Any CPU
		{666A073F-4FDA-4E21-BF15-8095AB0038E4}.Debug|Any CPU.Build.0 = Debug|Any CPU
		{666A073F-4FDA-4E21-BF15-8095AB0038E4}.Release|Any CPU.ActiveCfg = Release|Any CPU
		{666A073F-4FDA-4E21-BF15-8095AB0038E4}.Release|Any CPU.Build.0 = Release|Any CPU
	EndGlobalSection
	GlobalSection(SolutionProperties) = preSolution
		HideSolutionNode = FALSE
	EndGlobalSection
EndGlobal
